
Microsoft Visual Studio Solution File, Format Version 12.00
# Visual Studio Version 17
VisualStudioVersion = 17.8.34330.188
MinimumVisualStudioVersion = 10.0.40219.1
Project("{FAE04EC0-301F-11D3-BF4B-00C04F79EFBC}") = "CancelFavoriteVideos", "CancelFavoriteVideos\CancelFavoriteVideos.csproj", "{68E1A67D-20E3-47B6-B38D-E31AC6915B53}"
EndProject
Global
	GlobalSection(SolutionConfigurationPlatforms) = preSolution
		Debug|Any CPU = Debug|Any CPU
		Release|Any CPU = Release|Any CPU
	EndGlobalSection
	GlobalSection(ProjectConfigurationPlatforms) = postSolution
		{68E1A67D-20E3-47B6-B38D-E31AC6915B53}.Debug|Any CPU.ActiveCfg = Debug|Any CPU
		{68E1A67D-20E3-47B6-B38D-E31AC6915B53}.Debug|Any CPU.Build.0 = Debug|Any CPU
		{68E1A67D-20E3-47B6-B38D-E31AC6915B53}.Release|Any CPU.ActiveCfg = Release|Any CPU
		{68E1A67D-20E3-47B6-B38D-E31AC6915B53}.Release|Any CPU.Build.0 = Release|Any CPU
	EndGlobalSection
	GlobalSection(SolutionProperties) = preSolution
		HideSolutionNode = FALSE
	EndGlobalSection
	GlobalSection(ExtensibilityGlobals) = postSolution
		SolutionGuid = {49A1E54B-C544-4D6A-9BCF-A5E7152C21E1}
	EndGlobalSection
EndGlobal
